
Microsoft Visual Studio Solution File, Format Version 12.00
# Visual Studio Version 17
VisualStudioVersion = 17.14.36221.1 d17.14
MinimumVisualStudioVersion = 10.0.40219.1
Project("{FAE04EC0-301F-11D3-BF4B-00C04F79EFBC}") = "Lagumbay_Inserting Nodes with Exception Handling", "Lagumbay_Inserting Nodes with Exception Handling.csproj", "{ECC97394-9E3D-4522-9658-4835748CAB3A}"
EndProject
Global
	GlobalSection(SolutionConfigurationPlatforms) = preSolution
		Debug|Any CPU = Debug|Any CPU
		Release|Any CPU = Release|Any CPU
	EndGlobalSection
	GlobalSection(ProjectConfigurationPlatforms) = postSolution
		{ECC97394-9E3D-4522-9658-4835748CAB3A}.Debug|Any CPU.ActiveCfg = Debug|Any CPU
		{ECC97394-9E3D-4522-9658-4835748CAB3A}.Debug|Any CPU.Build.0 = Debug|Any CPU
		{ECC97394-9E3D-4522-9658-4835748CAB3A}.Release|Any CPU.ActiveCfg = Release|Any CPU
		{ECC97394-9E3D-4522-9658-4835748CAB3A}.Release|Any CPU.Build.0 = Release|Any CPU
	EndGlobalSection
	GlobalSection(SolutionProperties) = preSolution
		HideSolutionNode = FALSE
	EndGlobalSection
	GlobalSection(ExtensibilityGlobals) = postSolution
		SolutionGuid = {08FCA9F6-CCCE-47B1-8CA9-2F72395C6432}
	EndGlobalSection
EndGlobal
